// !$*UTF8*$!
{
	archiveVersion = 1;
	classes = {
	};
	objectVersion = 48;
	objects = {

/* Begin PBXBuildFile section */
		BF1DFA45202C4C6700A2F914 /* AppDelegate.swift in Sources */ = {isa = PBXBuildFile; fileRef = BF1DFA44202C4C6700A2F914 /* AppDelegate.swift */; };
		BF1DFA47202C4C6700A2F914 /* ViewController.swift in Sources */ = {isa = PBXBuildFile; fileRef = BF1DFA46202C4C6700A2F914 /* ViewController.swift */; };
		BF1DFA4A202C4C6700A2F914 /* Main.storyboard in Resources */ = {isa = PBXBuildFile; fileRef = BF1DFA48202C4C6700A2F914 /* Main.storyboard */; };
		BF1DFA4C202C4C6700A2F914 /* Assets.xcassets in Resources */ = {isa = PBXBuildFile; fileRef = BF1DFA4B202C4C6700A2F914 /* Assets.xcassets */; };
		BF1DFA4F202C4C6700A2F914 /* LaunchScreen.storyboard in Resources */ = {isa = PBXBuildFile; fileRef = BF1DFA4D202C4C6700A2F914 /* LaunchScreen.storyboard */; };
		BF1DFA57202C501A00A2F914 /* listPhotos.swift in Sources */ = {isa = PBXBuildFile; fileRef = BF1DFA56202C501A00A2F914 /* listPhotos.swift */; };
		BF1DFA59202C603C00A2F914 /* CollectionViewCell.swift in Sources */ = {isa = PBXBuildFile; fileRef = BF1DFA58202C603C00A2F914 /* CollectionViewCell.swift */; };
		BF3D6FBA202DB91700E1184C /* ViewController2.swift in Sources */ = {isa = PBXBuildFile; fileRef = BF3D6FB9202DB91700E1184C /* ViewController2.swift */; };
/* End PBXBuildFile section */

/* Begin PBXFileReference section */
		BF1DFA41202C4C6700A2F914 /* d03_photos.app */ = {isa = PBXFileReference; explicitFileType = wrapper.application; includeInIndex = 0; path = d03_photos.app; sourceTree = BUILT_PRODUCTS_DIR; };
		BF1DFA44202C4C6700A2F914 /* AppDelegate.swift */ = {isa = PBXFileReference; lastKnownFileType = sourcecode.swift; path = AppDelegate.swift; sourceTree = "<group>"; };
		BF1DFA46202C4C6700A2F914 /* ViewController.swift */ = {isa = PBXFileReference; lastKnownFileType = sourcecode.swift; path = ViewController.swift; sourceTree = "<group>"; };
		BF1DFA49202C4C6700A2F914 /* Base */ = {isa = PBXFileReference; lastKnownFileType = file.storyboard; name = Base; path = Base.lproj/Main.storyboard; sourceTree = "<group>"; };
		BF1DFA4B202C4C6700A2F914 /* Assets.xcassets */ = {isa = PBXFileReference; lastKnownFileType = folder.assetcatalog; path = Assets.xcassets; sourceTree = "<group>"; };
		BF1DFA4E202C4C6700A2F914 /* Base */ = {isa = PBXFileReference; lastKnownFileType = file.storyboard; name = Base; path = Base.lproj/LaunchScreen.storyboard; sourceTree = "<group>"; };
		BF1DFA50202C4C6700A2F914 /* Info.plist */ = {isa = PBXFileReference; lastKnownFileType = text.plist.xml; path = Info.plist; sourceTree = "<group>"; };
		BF1DFA56202C501A00A2F914 /* listPhotos.swift */ = {isa = PBXFileReference; lastKnownFileType = sourcecode.swift; path = listPhotos.swift; sourceTree = "<group>"; };
		BF1DFA58202C603C00A2F914 /* CollectionViewCell.swift */ = {isa = PBXFileReference; lastKnownFileType = sourcecode.swift; path = CollectionViewCell.swift; sourceTree = "<group>"; };
		BF3D6FB9202DB91700E1184C /* ViewController2.swift */ = {isa = PBXFileReference; lastKnownFileType = sourcecode.swift; path = ViewController2.swift; sourceTree = "<group>"; };
/* End PBXFileReference section */

/* Begin PBXFrameworksBuildPhase section */
		BF1DFA3E202C4C6700A2F914 /* Frameworks */ = {
			isa = PBXFrameworksBuildPhase;
			buildActionMask = 2147483647;
			files = (
			);
			runOnlyForDeploymentPostprocessing = 0;
		};
/* End PBXFrameworksBuildPhase section */

/* Begin PBXGroup section */
		BF1DFA38202C4C6600A2F914 = {
			isa = PBXGroup;
			children = (
				BF1DFA43202C4C6700A2F914 /* d03_photos */,
				BF1DFA42202C4C6700A2F914 /* Products */,
			);
			sourceTree = "<group>";
		};
		BF1DFA42202C4C6700A2F914 /* Products */ = {
			isa = PBXGroup;
			children = (
				BF1DFA41202C4C6700A2F914 /* d03_photos.app */,
			);
			name = Products;
			sourceTree = "<group>";
		};
		BF1DFA43202C4C6700A2F914 /* d03_photos */ = {
			isa = PBXGroup;
			children = (
				BF1DFA44202C4C6700A2F914 /* AppDelegate.swift */,
				BF1DFA46202C4C6700A2F914 /* ViewController.swift */,
				BF1DFA48202C4C6700A2F914 /* Main.storyboard */,
				BF1DFA58202C603C00A2F914 /* CollectionViewCell.swift */,
				BF3D6FB9202DB91700E1184C /* ViewController2.swift */,
				BF1DFA56202C501A00A2F914 /* listPhotos.swift */,
				BF1DFA4B202C4C6700A2F914 /* Assets.xcassets */,
				BF1DFA4D202C4C6700A2F914 /* LaunchScreen.storyboard */,
				BF1DFA50202C4C6700A2F914 /* Info.plist */,
			);
			path = d03_photos;
			sourceTree = "<group>";
		};
/* End PBXGroup section */

/* Begin PBXNativeTarget section */
		BF1DFA40202C4C6700A2F914 /* d03_photos */ = {
			isa = PBXNativeTarget;
			buildConfigurationList = BF1DFA53202C4C6700A2F914 /* Build configuration list for PBXNativeTarget "d03_photos" */;
			buildPhases = (
				BF1DFA3D202C4C6700A2F914 /* Sources */,
				BF1DFA3E202C4C6700A2F914 /* Frameworks */,
				BF1DFA3F202C4C6700A2F914 /* Resources */,
			);
			buildRules = (
			);
			dependencies = (
			);
			name = d03_photos;
			productName = d03_photos;
			productReference = BF1DFA41202C4C6700A2F914 /* d03_photos.app */;
			productType = "com.apple.product-type.application";
		};
/* End PBXNativeTarget section */

/* Begin PBXProject section */
		BF1DFA39202C4C6600A2F914 /* Project object */ = {
			isa = PBXProject;
			attributes = {
				LastSwiftUpdateCheck = 0910;
				LastUpgradeCheck = 0910;
				ORGANIZATIONNAME = "Remy SIBIET";
				TargetAttributes = {
					BF1DFA40202C4C6700A2F914 = {
						CreatedOnToolsVersion = 9.1;
						ProvisioningStyle = Automatic;
					};
				};
			};
			buildConfigurationList = BF1DFA3C202C4C6600A2F914 /* Build configuration list for PBXProject "d03_photos" */;
			compatibilityVersion = "Xcode 8.0";
			developmentRegion = en;
			hasScannedForEncodings = 0;
			knownRegions = (
				en,
				Base,
			);
			mainGroup = BF1DFA38202C4C6600A2F914;
			productRefGroup = BF1DFA42202C4C6700A2F914 /* Products */;
			projectDirPath = "";
			projectRoot = "";
			targets = (
				BF1DFA40202C4C6700A2F914 /* d03_photos */,
			);
		};
/* End PBXProject section */

/* Begin PBXResourcesBuildPhase section */
		BF1DFA3F202C4C6700A2F914 /* Resources */ = {
			isa = PBXResourcesBuildPhase;
			buildActionMask = 2147483647;
			files = (
				BF1DFA4F202C4C6700A2F914 /* LaunchScreen.storyboard in Resources */,
				BF1DFA4C202C4C6700A2F914 /* Assets.xcassets in Resources */,
				BF1DFA4A202C4C6700A2F914 /* Main.storyboard in Resources */,
			);
			runOnlyForDeploymentPostprocessing = 0;
		};
/* End PBXResourcesBuildPhase section */

/* Begin PBXSourcesBuildPhase section */
		BF1DFA3D202C4C6700A2F914 /* Sources */ = {
			isa = PBXSourcesBuildPhase;
			buildActionMask = 2147483647;
			files = (
				BF3D6FBA202DB91700E1184C /* ViewController2.swift in Sources */,
				BF1DFA47202C4C6700A2F914 /* ViewController.swift in Sources */,
				BF1DFA45202C4C6700A2F914 /* AppDelegate.swift in Sources */,
				BF1DFA59202C603C00A2F914 /* CollectionViewCell.swift in Sources */,
				BF1DFA57202C501A00A2F914 /* listPhotos.swift in Sources */,
			);
			runOnlyForDeploymentPostprocessing = 0;
		};
/* End PBXSourcesBuildPhase section */

/* Begin PBXVariantGroup section */
		BF1DFA48202C4C6700A2F914 /* Main.storyboard */ = {
			isa = PBXVariantGroup;
			children = (
				BF1DFA49202C4C6700A2F914 /* Base */,
			);
			name = Main.storyboard;
			sourceTree = "<group>";
		};
		BF1DFA4D202C4C6700A2F914 /* LaunchScreen.storyboard */ = {
			isa = PBXVariantGroup;
			children = (
				BF1DFA4E202C4C6700A2F914 /* Base */,
			);
			name = LaunchScreen.storyboard;
			sourceTree = "<group>";
		};
/* End PBXVariantGroup section */

/* Begin XCBuildConfiguration section */
		BF1DFA51202C4C6700A2F914 /* Debug */ = {
			isa = XCBuildConfiguration;
			buildSettings = {
				ALWAYS_SEARCH_USER_PATHS = NO;
				CLANG_ANALYZER_NONNULL = YES;
				CLANG_ANALYZER_NUMBER_OBJECT_CONVERSION = YES_AGGRESSIVE;
				CLANG_CXX_LANGUAGE_STANDARD = "gnu++14";
				CLANG_CXX_LIBRARY = "libc++";
				CLANG_ENABLE_MODULES = YES;
				CLANG_ENABLE_OBJC_ARC = YES;
				CLANG_WARN_BLOCK_CAPTURE_AUTORELEASING = YES;
				CLANG_WARN_BOOL_CONVERSION = YES;
				CLANG_WARN_COMMA = YES;
				CLANG_WARN_CONSTANT_CONVERSION = YES;
				CLANG_WARN_DIRECT_OBJC_ISA_USAGE = YES_ERROR;
				CLANG_WARN_DOCUMENTATION_COMMENTS = YES;
				CLANG_WARN_EMPTY_BODY = YES;
				CLANG_WARN_ENUM_CONVERSION = YES;
				CLANG_WARN_INFINITE_RECURSION = YES;
				CLANG_WARN_INT_CONVERSION = YES;
				CLANG_WARN_NON_LITERAL_NULL_CONVERSION = YES;
				CLANG_WARN_OBJC_LITERAL_CONVERSION = YES;
				CLANG_WARN_OBJC_ROOT_CLASS = YES_ERROR;
				CLANG_WARN_RANGE_LOOP_ANALYSIS = YES;
				CLANG_WARN_STRICT_PROTOTYPES = YES;
				CLANG_WARN_SUSPICIOUS_MOVE = YES;
				CLANG_WARN_UNGUARDED_AVAILABILITY = YES_AGGRESSIVE;
				CLANG_WARN_UNREACHABLE_CODE = YES;
				CLANG_WARN__DUPLICATE_METHOD_MATCH = YES;
				CODE_SIGN_IDENTITY = "iPhone Developer";
				COPY_PHASE_STRIP = NO;
				DEBUG_INFORMATION_FORMAT = dwarf;
				ENABLE_STRICT_OBJC_MSGSEND = YES;
				ENABLE_TESTABILITY = YES;
				GCC_C_LANGUAGE_STANDARD = gnu11;
				GCC_DYNAMIC_NO_PIC = NO;
				GCC_NO_COMMON_BLOCKS = YES;
				GCC_OPTIMIZATION_LEVEL = 0;
				GCC_PREPROCESSOR_DEFINITIONS = (
					"DEBUG=1",
					"$(inherited)",
				);
				GCC_WARN_64_TO_32_BIT_CONVERSION = YES;
				GCC_WARN_ABOUT_RETURN_TYPE = YES_ERROR;
				GCC_WARN_UNDECLARED_SELECTOR = YES;
				GCC_WARN_UNINITIALIZED_AUTOS = YES_AGGRESSIVE;
				GCC_WARN_UNUSED_FUNCTION = YES;
				GCC_WARN_UNUSED_VARIABLE = YES;
				IPHONEOS_DEPLOYMENT_TARGET = 11.1;
				MTL_ENABLE_DEBUG_INFO = YES;
				ONLY_ACTIVE_ARCH = YES;
				SDKROOT = iphoneos;
				SWIFT_ACTIVE_COMPILATION_CONDITIONS = DEBUG;
				SWIFT_OPTIMIZATION_LEVEL = "-Onone";
			};
			name = Debug;
		};
		BF1DFA52202C4C6700A2F914 /* Release */ = {
			isa = XCBuildConfiguration;
			buildSettings = {
				ALWAYS_SEARCH_USER_PATHS = NO;
				CLANG_ANALYZER_NONNULL = YES;
				CLANG_ANALYZER_NUMBER_OBJECT_CONVERSION = YES_AGGRESSIVE;
				CLANG_CXX_LANGUAGE_STANDARD = "gnu++14";
				CLANG_CXX_LIBRARY = "libc++";
				CLANG_ENABLE_MODULES = YES;
				CLANG_ENABLE_OBJC_ARC = YES;
				CLANG_WARN_BLOCK_CAPTURE_AUTORELEASING = YES;
				CLANG_WARN_BOOL_CONVERSION = YES;
				CLANG_WARN_COMMA = YES;
				CLANG_WARN_CONSTANT_CONVERSION = YES;
				CLANG_WARN_DIRECT_OBJC_ISA_USAGE = YES_ERROR;
				CLANG_WARN_DOCUMENTATION_COMMENTS = YES;
				CLANG_WARN_EMPTY_BODY = YES;
				CLANG_WARN_ENUM_CONVERSION = YES;
				CLANG_WARN_INFINITE_RECURSION = YES;
				CLANG_WARN_INT_CONVERSION = YES;
				CLANG_WARN_NON_LITERAL_NULL_CONVERSION = YES;
				CLANG_WARN_OBJC_LITERAL_CONVERSION = YES;
				CLANG_WARN_OBJC_ROOT_CLASS = YES_ERROR;
				CLANG_WARN_RANGE_LOOP_ANALYSIS = YES;
				CLANG_WARN_STRICT_PROTOTYPES = YES;
				CLANG_WARN_SUSPICIOUS_MOVE = YES;
				CLANG_WARN_UNGUARDED_AVAILABILITY = YES_AGGRESSIVE;
				CLANG_WARN_UNREACHABLE_CODE = YES;
				CLANG_WARN__DUPLICATE_METHOD_MATCH = YES;
				CODE_SIGN_IDENTITY = "iPhone Developer";
				COPY_PHASE_STRIP = NO;
				DEBUG_INFORMATION_FORMAT = "dwarf-with-dsym";
				ENABLE_NS_ASSERTIONS = NO;
				ENABLE_STRICT_OBJC_MSGSEND = YES;
				GCC_C_LANGUAGE_STANDARD = gnu11;
				GCC_NO_COMMON_BLOCKS = YES;
				GCC_WARN_64_TO_32_BIT_CONVERSION = YES;
				GCC_WARN_ABOUT_RETURN_TYPE = YES_ERROR;
				GCC_WARN_UNDECLARED_SELECTOR = YES;
				GCC_WARN_UNINITIALIZED_AUTOS = YES_AGGRESSIVE;
				GCC_WARN_UNUSED_FUNCTION = YES;
				GCC_WARN_UNUSED_VARIABLE = YES;
				IPHONEOS_DEPLOYMENT_TARGET = 11.1;
				MTL_ENABLE_DEBUG_INFO = NO;
				SDKROOT = iphoneos;
				SWIFT_OPTIMIZATION_LEVEL = "-Owholemodule";
				VALIDATE_PRODUCT = YES;
			};
			name = Release;
		};
		BF1DFA54202C4C6700A2F914 /* Debug */ = {
			isa = XCBuildConfiguration;
			buildSettings = {
				ASSETCATALOG_COMPILER_APPICON_NAME = AppIcon;
				CODE_SIGN_STYLE = Automatic;
				INFOPLIST_FILE = d03_photos/Info.plist;
				LD_RUNPATH_SEARCH_PATHS = "$(inherited) @executable_path/Frameworks";
				PRODUCT_BUNDLE_IDENTIFIER = "rsibiet.d03-photos";
				PRODUCT_NAME = "$(TARGET_NAME)";
				SWIFT_VERSION = 4.0;
				TARGETED_DEVICE_FAMILY = "1,2";
			};
			name = Debug;
		};
		BF1DFA55202C4C6700A2F914 /* Release */ = {
			isa = XCBuildConfiguration;
			buildSettings = {
				ASSETCATALOG_COMPILER_APPICON_NAME = AppIcon;
				CODE_SIGN_STYLE = Automatic;
				INFOPLIST_FILE = d03_photos/Info.plist;
				LD_RUNPATH_SEARCH_PATHS = "$(inherited) @executable_path/Frameworks";
				PRODUCT_BUNDLE_IDENTIFIER = "rsibiet.d03-photos";
				PRODUCT_NAME = "$(TARGET_NAME)";
				SWIFT_VERSION = 4.0;
				TARGETED_DEVICE_FAMILY = "1,2";
			};
			name = Release;
		};
/* End XCBuildConfiguration section */

/* Begin XCConfigurationList section */
		BF1DFA3C202C4C6600A2F914 /* Build configuration list for PBXProject "d03_photos" */ = {
			isa = XCConfigurationList;
			buildConfigurations = (
				BF1DFA51202C4C6700A2F914 /* Debug */,
				BF1DFA52202C4C6700A2F914 /* Release */,
			);
			defaultConfigurationIsVisible = 0;
			defaultConfigurationName = Release;
		};
		BF1DFA53202C4C6700A2F914 /* Build configuration list for PBXNativeTarget "d03_photos" */ = {
			isa = XCConfigurationList;
			buildConfigurations = (
				BF1DFA54202C4C6700A2F914 /* Debug */,
				BF1DFA55202C4C6700A2F914 /* Release */,
			);
			defaultConfigurationIsVisible = 0;
			defaultConfigurationName = Release;
		};
/* End XCConfigurationList section */
	};
	rootObject = BF1DFA39202C4C6600A2F914 /* Project object */;
}
