// !$*UTF8*$!
{
	archiveVersion = 1;
	classes = {
	};
	objectVersion = 48;
	objects = {

/* Begin PBXBuildFile section */
		9DA2EF252C7992B3010F9210 /* Pods_botSiriLike.framework in Frameworks */ = {isa = PBXBuildFile; fileRef = 575DA5A0E33EB7E58ABE3344 /* Pods_botSiriLike.framework */; };
		BF235AE52036D573004829B2 /* AppDelegate.swift in Sources */ = {isa = PBXBuildFile; fileRef = BF235AE42036D573004829B2 /* AppDelegate.swift */; };
		BF235AE72036D573004829B2 /* ViewController.swift in Sources */ = {isa = PBXBuildFile; fileRef = BF235AE62036D573004829B2 /* ViewController.swift */; };
		BF235AEA2036D573004829B2 /* Main.storyboard in Resources */ = {isa = PBXBuildFile; fileRef = BF235AE82036D573004829B2 /* Main.storyboard */; };
		BF235AEC2036D573004829B2 /* Assets.xcassets in Resources */ = {isa = PBXBuildFile; fileRef = BF235AEB2036D573004829B2 /* Assets.xcassets */; };
		BF235AEF2036D573004829B2 /* LaunchScreen.storyboard in Resources */ = {isa = PBXBuildFile; fileRef = BF235AED2036D573004829B2 /* LaunchScreen.storyboard */; };
/* End PBXBuildFile section */

/* Begin PBXFileReference section */
		416A5079E08DEECA4DF960D7 /* Pods-botSiriLike.debug.xcconfig */ = {isa = PBXFileReference; includeInIndex = 1; lastKnownFileType = text.xcconfig; name = "Pods-botSiriLike.debug.xcconfig"; path = "Pods/Target Support Files/Pods-botSiriLike/Pods-botSiriLike.debug.xcconfig"; sourceTree = "<group>"; };
		575DA5A0E33EB7E58ABE3344 /* Pods_botSiriLike.framework */ = {isa = PBXFileReference; explicitFileType = wrapper.framework; includeInIndex = 0; path = Pods_botSiriLike.framework; sourceTree = BUILT_PRODUCTS_DIR; };
		BAF2FB7CAF6C40393F1C37C5 /* Pods-botSiriLike.release.xcconfig */ = {isa = PBXFileReference; includeInIndex = 1; lastKnownFileType = text.xcconfig; name = "Pods-botSiriLike.release.xcconfig"; path = "Pods/Target Support Files/Pods-botSiriLike/Pods-botSiriLike.release.xcconfig"; sourceTree = "<group>"; };
		BF235AE12036D573004829B2 /* botSiriLike.app */ = {isa = PBXFileReference; explicitFileType = wrapper.application; includeInIndex = 0; path = botSiriLike.app; sourceTree = BUILT_PRODUCTS_DIR; };
		BF235AE42036D573004829B2 /* AppDelegate.swift */ = {isa = PBXFileReference; lastKnownFileType = sourcecode.swift; path = AppDelegate.swift; sourceTree = "<group>"; };
		BF235AE62036D573004829B2 /* ViewController.swift */ = {isa = PBXFileReference; lastKnownFileType = sourcecode.swift; path = ViewController.swift; sourceTree = "<group>"; };
		BF235AE92036D573004829B2 /* Base */ = {isa = PBXFileReference; lastKnownFileType = file.storyboard; name = Base; path = Base.lproj/Main.storyboard; sourceTree = "<group>"; };
		BF235AEB2036D573004829B2 /* Assets.xcassets */ = {isa = PBXFileReference; lastKnownFileType = folder.assetcatalog; path = Assets.xcassets; sourceTree = "<group>"; };
		BF235AEE2036D573004829B2 /* Base */ = {isa = PBXFileReference; lastKnownFileType = file.storyboard; name = Base; path = Base.lproj/LaunchScreen.storyboard; sourceTree = "<group>"; };
		BF235AF02036D573004829B2 /* Info.plist */ = {isa = PBXFileReference; lastKnownFileType = text.plist.xml; path = Info.plist; sourceTree = "<group>"; };
/* End PBXFileReference section */

/* Begin PBXFrameworksBuildPhase section */
		BF235ADE2036D573004829B2 /* Frameworks */ = {
			isa = PBXFrameworksBuildPhase;
			buildActionMask = 2147483647;
			files = (
				9DA2EF252C7992B3010F9210 /* Pods_botSiriLike.framework in Frameworks */,
			);
			runOnlyForDeploymentPostprocessing = 0;
		};
/* End PBXFrameworksBuildPhase section */

/* Begin PBXGroup section */
		4DDF94DAC1B2381F9CC2546E /* Frameworks */ = {
			isa = PBXGroup;
			children = (
				575DA5A0E33EB7E58ABE3344 /* Pods_botSiriLike.framework */,
			);
			name = Frameworks;
			sourceTree = "<group>";
		};
		5C2B0C73480B45F03E457E66 /* Pods */ = {
			isa = PBXGroup;
			children = (
				416A5079E08DEECA4DF960D7 /* Pods-botSiriLike.debug.xcconfig */,
				BAF2FB7CAF6C40393F1C37C5 /* Pods-botSiriLike.release.xcconfig */,
			);
			name = Pods;
			sourceTree = "<group>";
		};
		BF235AD82036D573004829B2 = {
			isa = PBXGroup;
			children = (
				BF235AE32036D573004829B2 /* botSiriLike */,
				BF235AE22036D573004829B2 /* Products */,
				5C2B0C73480B45F03E457E66 /* Pods */,
				4DDF94DAC1B2381F9CC2546E /* Frameworks */,
			);
			sourceTree = "<group>";
		};
		BF235AE22036D573004829B2 /* Products */ = {
			isa = PBXGroup;
			children = (
				BF235AE12036D573004829B2 /* botSiriLike.app */,
			);
			name = Products;
			sourceTree = "<group>";
		};
		BF235AE32036D573004829B2 /* botSiriLike */ = {
			isa = PBXGroup;
			children = (
				BF235AE42036D573004829B2 /* AppDelegate.swift */,
				BF235AE62036D573004829B2 /* ViewController.swift */,
				BF235AE82036D573004829B2 /* Main.storyboard */,
				BF235AEB2036D573004829B2 /* Assets.xcassets */,
				BF235AED2036D573004829B2 /* LaunchScreen.storyboard */,
				BF235AF02036D573004829B2 /* Info.plist */,
			);
			path = botSiriLike;
			sourceTree = "<group>";
		};
/* End PBXGroup section */

/* Begin PBXNativeTarget section */
		BF235AE02036D573004829B2 /* botSiriLike */ = {
			isa = PBXNativeTarget;
			buildConfigurationList = BF235AF32036D573004829B2 /* Build configuration list for PBXNativeTarget "botSiriLike" */;
			buildPhases = (
				711DE8E84863E9551237D7DF /* [CP] Check Pods Manifest.lock */,
				BF235ADD2036D573004829B2 /* Sources */,
				BF235ADE2036D573004829B2 /* Frameworks */,
				BF235ADF2036D573004829B2 /* Resources */,
				B2CB34DF6F10EE2675A9F35F /* [CP] Embed Pods Frameworks */,
				EB84CED7C9B423AE4D2EFAED /* [CP] Copy Pods Resources */,
			);
			buildRules = (
			);
			dependencies = (
			);
			name = botSiriLike;
			productName = botSiriLike;
			productReference = BF235AE12036D573004829B2 /* botSiriLike.app */;
			productType = "com.apple.product-type.application";
		};
/* End PBXNativeTarget section */

/* Begin PBXProject section */
		BF235AD92036D573004829B2 /* Project object */ = {
			isa = PBXProject;
			attributes = {
				LastSwiftUpdateCheck = 0910;
				LastUpgradeCheck = 0910;
				ORGANIZATIONNAME = "Remy SIBIET";
				TargetAttributes = {
					BF235AE02036D573004829B2 = {
						CreatedOnToolsVersion = 9.1;
						ProvisioningStyle = Automatic;
					};
				};
			};
			buildConfigurationList = BF235ADC2036D573004829B2 /* Build configuration list for PBXProject "botSiriLike" */;
			compatibilityVersion = "Xcode 8.0";
			developmentRegion = en;
			hasScannedForEncodings = 0;
			knownRegions = (
				en,
				Base,
			);
			mainGroup = BF235AD82036D573004829B2;
			productRefGroup = BF235AE22036D573004829B2 /* Products */;
			projectDirPath = "";
			projectRoot = "";
			targets = (
				BF235AE02036D573004829B2 /* botSiriLike */,
			);
		};
/* End PBXProject section */

/* Begin PBXResourcesBuildPhase section */
		BF235ADF2036D573004829B2 /* Resources */ = {
			isa = PBXResourcesBuildPhase;
			buildActionMask = 2147483647;
			files = (
				BF235AEF2036D573004829B2 /* LaunchScreen.storyboard in Resources */,
				BF235AEC2036D573004829B2 /* Assets.xcassets in Resources */,
				BF235AEA2036D573004829B2 /* Main.storyboard in Resources */,
			);
			runOnlyForDeploymentPostprocessing = 0;
		};
/* End PBXResourcesBuildPhase section */

/* Begin PBXShellScriptBuildPhase section */
		711DE8E84863E9551237D7DF /* [CP] Check Pods Manifest.lock */ = {
			isa = PBXShellScriptBuildPhase;
			buildActionMask = 2147483647;
			files = (
			);
			inputPaths = (
				"${PODS_PODFILE_DIR_PATH}/Podfile.lock",
				"${PODS_ROOT}/Manifest.lock",
			);
			name = "[CP] Check Pods Manifest.lock";
			outputPaths = (
				"$(DERIVED_FILE_DIR)/Pods-botSiriLike-checkManifestLockResult.txt",
			);
			runOnlyForDeploymentPostprocessing = 0;
			shellPath = /bin/sh;
			shellScript = "diff \"${PODS_PODFILE_DIR_PATH}/Podfile.lock\" \"${PODS_ROOT}/Manifest.lock\" > /dev/null\nif [ $? != 0 ] ; then\n    # print error to STDERR\n    echo \"error: The sandbox is not in sync with the Podfile.lock. Run 'pod install' or update your CocoaPods installation.\" >&2\n    exit 1\nfi\n# This output is used by Xcode 'outputs' to avoid re-running this script phase.\necho \"SUCCESS\" > \"${SCRIPT_OUTPUT_FILE_0}\"\n";
			showEnvVarsInLog = 0;
		};
		B2CB34DF6F10EE2675A9F35F /* [CP] Embed Pods Frameworks */ = {
			isa = PBXShellScriptBuildPhase;
			buildActionMask = 2147483647;
			files = (
			);
			inputPaths = (
				"${SRCROOT}/Pods/Target Support Files/Pods-botSiriLike/Pods-botSiriLike-frameworks.sh",
				"${BUILT_PRODUCTS_DIR}/Alamofire/Alamofire.framework",
				"${BUILT_PRODUCTS_DIR}/ForecastIO/ForecastIO.framework",
				"${BUILT_PRODUCTS_DIR}/ObjectMapper/ObjectMapper.framework",
				"${BUILT_PRODUCTS_DIR}/RecastAI/RecastAI.framework",
			);
			name = "[CP] Embed Pods Frameworks";
			outputPaths = (
				"${TARGET_BUILD_DIR}/${FRAMEWORKS_FOLDER_PATH}/Alamofire.framework",
				"${TARGET_BUILD_DIR}/${FRAMEWORKS_FOLDER_PATH}/ForecastIO.framework",
				"${TARGET_BUILD_DIR}/${FRAMEWORKS_FOLDER_PATH}/ObjectMapper.framework",
				"${TARGET_BUILD_DIR}/${FRAMEWORKS_FOLDER_PATH}/RecastAI.framework",
			);
			runOnlyForDeploymentPostprocessing = 0;
			shellPath = /bin/sh;
			shellScript = "\"${SRCROOT}/Pods/Target Support Files/Pods-botSiriLike/Pods-botSiriLike-frameworks.sh\"\n";
			showEnvVarsInLog = 0;
		};
		EB84CED7C9B423AE4D2EFAED /* [CP] Copy Pods Resources */ = {
			isa = PBXShellScriptBuildPhase;
			buildActionMask = 2147483647;
			files = (
			);
			inputPaths = (
			);
			name = "[CP] Copy Pods Resources";
			outputPaths = (
			);
			runOnlyForDeploymentPostprocessing = 0;
			shellPath = /bin/sh;
			shellScript = "\"${SRCROOT}/Pods/Target Support Files/Pods-botSiriLike/Pods-botSiriLike-resources.sh\"\n";
			showEnvVarsInLog = 0;
		};
/* End PBXShellScriptBuildPhase section */

/* Begin PBXSourcesBuildPhase section */
		BF235ADD2036D573004829B2 /* Sources */ = {
			isa = PBXSourcesBuildPhase;
			buildActionMask = 2147483647;
			files = (
				BF235AE72036D573004829B2 /* ViewController.swift in Sources */,
				BF235AE52036D573004829B2 /* AppDelegate.swift in Sources */,
			);
			runOnlyForDeploymentPostprocessing = 0;
		};
/* End PBXSourcesBuildPhase section */

/* Begin PBXVariantGroup section */
		BF235AE82036D573004829B2 /* Main.storyboard */ = {
			isa = PBXVariantGroup;
			children = (
				BF235AE92036D573004829B2 /* Base */,
			);
			name = Main.storyboard;
			sourceTree = "<group>";
		};
		BF235AED2036D573004829B2 /* LaunchScreen.storyboard */ = {
			isa = PBXVariantGroup;
			children = (
				BF235AEE2036D573004829B2 /* Base */,
			);
			name = LaunchScreen.storyboard;
			sourceTree = "<group>";
		};
/* End PBXVariantGroup section */

/* Begin XCBuildConfiguration section */
		BF235AF12036D573004829B2 /* Debug */ = {
			isa = XCBuildConfiguration;
			buildSettings = {
				ALWAYS_SEARCH_USER_PATHS = NO;
				CLANG_ANALYZER_NONNULL = YES;
				CLANG_ANALYZER_NUMBER_OBJECT_CONVERSION = YES_AGGRESSIVE;
				CLANG_CXX_LANGUAGE_STANDARD = "gnu++14";
				CLANG_CXX_LIBRARY = "libc++";
				CLANG_ENABLE_MODULES = YES;
				CLANG_ENABLE_OBJC_ARC = YES;
				CLANG_WARN_BLOCK_CAPTURE_AUTORELEASING = YES;
				CLANG_WARN_BOOL_CONVERSION = YES;
				CLANG_WARN_COMMA = YES;
				CLANG_WARN_CONSTANT_CONVERSION = YES;
				CLANG_WARN_DIRECT_OBJC_ISA_USAGE = YES_ERROR;
				CLANG_WARN_DOCUMENTATION_COMMENTS = YES;
				CLANG_WARN_EMPTY_BODY = YES;
				CLANG_WARN_ENUM_CONVERSION = YES;
				CLANG_WARN_INFINITE_RECURSION = YES;
				CLANG_WARN_INT_CONVERSION = YES;
				CLANG_WARN_NON_LITERAL_NULL_CONVERSION = YES;
				CLANG_WARN_OBJC_LITERAL_CONVERSION = YES;
				CLANG_WARN_OBJC_ROOT_CLASS = YES_ERROR;
				CLANG_WARN_RANGE_LOOP_ANALYSIS = YES;
				CLANG_WARN_STRICT_PROTOTYPES = YES;
				CLANG_WARN_SUSPICIOUS_MOVE = YES;
				CLANG_WARN_UNGUARDED_AVAILABILITY = YES_AGGRESSIVE;
				CLANG_WARN_UNREACHABLE_CODE = YES;
				CLANG_WARN__DUPLICATE_METHOD_MATCH = YES;
				CODE_SIGN_IDENTITY = "iPhone Developer";
				COPY_PHASE_STRIP = NO;
				DEBUG_INFORMATION_FORMAT = dwarf;
				ENABLE_STRICT_OBJC_MSGSEND = YES;
				ENABLE_TESTABILITY = YES;
				GCC_C_LANGUAGE_STANDARD = gnu11;
				GCC_DYNAMIC_NO_PIC = NO;
				GCC_NO_COMMON_BLOCKS = YES;
				GCC_OPTIMIZATION_LEVEL = 0;
				GCC_PREPROCESSOR_DEFINITIONS = (
					"DEBUG=1",
					"$(inherited)",
				);
				GCC_WARN_64_TO_32_BIT_CONVERSION = YES;
				GCC_WARN_ABOUT_RETURN_TYPE = YES_ERROR;
				GCC_WARN_UNDECLARED_SELECTOR = YES;
				GCC_WARN_UNINITIALIZED_AUTOS = YES_AGGRESSIVE;
				GCC_WARN_UNUSED_FUNCTION = YES;
				GCC_WARN_UNUSED_VARIABLE = YES;
				IPHONEOS_DEPLOYMENT_TARGET = 11.1;
				MTL_ENABLE_DEBUG_INFO = YES;
				ONLY_ACTIVE_ARCH = YES;
				SDKROOT = iphoneos;
				SWIFT_ACTIVE_COMPILATION_CONDITIONS = DEBUG;
				SWIFT_OPTIMIZATION_LEVEL = "-Onone";
			};
			name = Debug;
		};
		BF235AF22036D573004829B2 /* Release */ = {
			isa = XCBuildConfiguration;
			buildSettings = {
				ALWAYS_SEARCH_USER_PATHS = NO;
				CLANG_ANALYZER_NONNULL = YES;
				CLANG_ANALYZER_NUMBER_OBJECT_CONVERSION = YES_AGGRESSIVE;
				CLANG_CXX_LANGUAGE_STANDARD = "gnu++14";
				CLANG_CXX_LIBRARY = "libc++";
				CLANG_ENABLE_MODULES = YES;
				CLANG_ENABLE_OBJC_ARC = YES;
				CLANG_WARN_BLOCK_CAPTURE_AUTORELEASING = YES;
				CLANG_WARN_BOOL_CONVERSION = YES;
				CLANG_WARN_COMMA = YES;
				CLANG_WARN_CONSTANT_CONVERSION = YES;
				CLANG_WARN_DIRECT_OBJC_ISA_USAGE = YES_ERROR;
				CLANG_WARN_DOCUMENTATION_COMMENTS = YES;
				CLANG_WARN_EMPTY_BODY = YES;
				CLANG_WARN_ENUM_CONVERSION = YES;
				CLANG_WARN_INFINITE_RECURSION = YES;
				CLANG_WARN_INT_CONVERSION = YES;
				CLANG_WARN_NON_LITERAL_NULL_CONVERSION = YES;
				CLANG_WARN_OBJC_LITERAL_CONVERSION = YES;
				CLANG_WARN_OBJC_ROOT_CLASS = YES_ERROR;
				CLANG_WARN_RANGE_LOOP_ANALYSIS = YES;
				CLANG_WARN_STRICT_PROTOTYPES = YES;
				CLANG_WARN_SUSPICIOUS_MOVE = YES;
				CLANG_WARN_UNGUARDED_AVAILABILITY = YES_AGGRESSIVE;
				CLANG_WARN_UNREACHABLE_CODE = YES;
				CLANG_WARN__DUPLICATE_METHOD_MATCH = YES;
				CODE_SIGN_IDENTITY = "iPhone Developer";
				COPY_PHASE_STRIP = NO;
				DEBUG_INFORMATION_FORMAT = "dwarf-with-dsym";
				ENABLE_NS_ASSERTIONS = NO;
				ENABLE_STRICT_OBJC_MSGSEND = YES;
				GCC_C_LANGUAGE_STANDARD = gnu11;
				GCC_NO_COMMON_BLOCKS = YES;
				GCC_WARN_64_TO_32_BIT_CONVERSION = YES;
				GCC_WARN_ABOUT_RETURN_TYPE = YES_ERROR;
				GCC_WARN_UNDECLARED_SELECTOR = YES;
				GCC_WARN_UNINITIALIZED_AUTOS = YES_AGGRESSIVE;
				GCC_WARN_UNUSED_FUNCTION = YES;
				GCC_WARN_UNUSED_VARIABLE = YES;
				IPHONEOS_DEPLOYMENT_TARGET = 11.1;
				MTL_ENABLE_DEBUG_INFO = NO;
				SDKROOT = iphoneos;
				SWIFT_OPTIMIZATION_LEVEL = "-Owholemodule";
				VALIDATE_PRODUCT = YES;
			};
			name = Release;
		};
		BF235AF42036D573004829B2 /* Debug */ = {
			isa = XCBuildConfiguration;
			baseConfigurationReference = 416A5079E08DEECA4DF960D7 /* Pods-botSiriLike.debug.xcconfig */;
			buildSettings = {
				ASSETCATALOG_COMPILER_APPICON_NAME = AppIcon;
				CODE_SIGN_STYLE = Automatic;
				INFOPLIST_FILE = botSiriLike/Info.plist;
				LD_RUNPATH_SEARCH_PATHS = "$(inherited) @executable_path/Frameworks";
				PRODUCT_BUNDLE_IDENTIFIER = rsibiet.botSiriLike;
				PRODUCT_NAME = "$(TARGET_NAME)";
				SWIFT_VERSION = 4.0;
				TARGETED_DEVICE_FAMILY = "1,2";
			};
			name = Debug;
		};
		BF235AF52036D573004829B2 /* Release */ = {
			isa = XCBuildConfiguration;
			baseConfigurationReference = BAF2FB7CAF6C40393F1C37C5 /* Pods-botSiriLike.release.xcconfig */;
			buildSettings = {
				ASSETCATALOG_COMPILER_APPICON_NAME = AppIcon;
				CODE_SIGN_STYLE = Automatic;
				INFOPLIST_FILE = botSiriLike/Info.plist;
				LD_RUNPATH_SEARCH_PATHS = "$(inherited) @executable_path/Frameworks";
				PRODUCT_BUNDLE_IDENTIFIER = rsibiet.botSiriLike;
				PRODUCT_NAME = "$(TARGET_NAME)";
				SWIFT_VERSION = 4.0;
				TARGETED_DEVICE_FAMILY = "1,2";
			};
			name = Release;
		};
/* End XCBuildConfiguration section */

/* Begin XCConfigurationList section */
		BF235ADC2036D573004829B2 /* Build configuration list for PBXProject "botSiriLike" */ = {
			isa = XCConfigurationList;
			buildConfigurations = (
				BF235AF12036D573004829B2 /* Debug */,
				BF235AF22036D573004829B2 /* Release */,
			);
			defaultConfigurationIsVisible = 0;
			defaultConfigurationName = Release;
		};
		BF235AF32036D573004829B2 /* Build configuration list for PBXNativeTarget "botSiriLike" */ = {
			isa = XCConfigurationList;
			buildConfigurations = (
				BF235AF42036D573004829B2 /* Debug */,
				BF235AF52036D573004829B2 /* Release */,
			);
			defaultConfigurationIsVisible = 0;
			defaultConfigurationName = Release;
		};
/* End XCConfigurationList section */
	};
	rootObject = BF235AD92036D573004829B2 /* Project object */;
}
